
Microsoft Visual Studio Solution File, Format Version 12.00
# Visual Studio 15
VisualStudioVersion = 15.0.28307.271
MinimumVisualStudioVersion = 10.0.40219.1
Project("{FAE04EC0-301F-11D3-BF4B-00C04F79EFBC}") = "Yozian.EFCorePlus", "Yozian.EFCorePlus\Yozian.EFCorePlus.csproj", "{A0C1D756-821A-49ED-81AC-1350200CCF24}"
EndProject
Project("{2150E333-8FDC-42A3-9474-1A3956D46DE8}") = "Development", "Development", "{42AF8960-99FD-4AB9-BB07-B5ED28477552}"
	ProjectSection(SolutionItems) = preProject
		..\.gitignore = ..\.gitignore
		..\build.sh = ..\build.sh
		..\pack.sh = ..\pack.sh
		..\publish.sh = ..\publish.sh
		..\README.md = ..\README.md
		..\nuget\Yozian.Extension.nuspec = ..\nuget\Yozian.Extension.nuspec
	EndProjectSection
EndProject
Global
	GlobalSection(SolutionConfigurationPlatforms) = preSolution
		Debug|Any CPU = Debug|Any CPU
		Release|Any CPU = Release|Any CPU
	EndGlobalSection
	GlobalSection(ProjectConfigurationPlatforms) = postSolution
		{A0C1D756-821A-49ED-81AC-1350200CCF24}.Debug|Any CPU.ActiveCfg = Debug|Any CPU
		{A0C1D756-821A-49ED-81AC-1350200CCF24}.Debug|Any CPU.Build.0 = Debug|Any CPU
		{A0C1D756-821A-49ED-81AC-1350200CCF24}.Release|Any CPU.ActiveCfg = Release|Any CPU
		{A0C1D756-821A-49ED-81AC-1350200CCF24}.Release|Any CPU.Build.0 = Release|Any CPU
	EndGlobalSection
	GlobalSection(SolutionProperties) = preSolution
		HideSolutionNode = FALSE
	EndGlobalSection
	GlobalSection(ExtensibilityGlobals) = postSolution
		SolutionGuid = {E73D4E0A-2DF7-4D70-9715-2EA4400B9FF1}
	EndGlobalSection
EndGlobal
